{
  "nodes": {
    "flake-compat": {
      "flake": false,
      "locked": {
        "lastModified": 1668681692,
        "narHash": "sha256-Ht91NGdewz8IQLtWZ9LCeNXMSXHUss+9COoqu6JLmXU=",
        "owner": "edolstra",
        "repo": "flake-compat",
        "rev": "009399224d5e398d03b22badca40a37ac85412a1",
        "type": "github"
      },
      "original": {
        "owner": "edolstra",
        "repo": "flake-compat",
        "type": "github"
      }
    },
    "flake-utils": {
      "locked": {
        "lastModified": 1667395993,
        "narHash": "sha256-nuEHfE/LcWyuSWnS8t12N1wc105Qtau+/OdUAjtQ0rA=",
        "owner": "numtide",
        "repo": "flake-utils",
        "rev": "5aed5285a952e0b949eb3ba02c12fa4fcfef535f",
        "type": "github"
      },
      "original": {
        "owner": "numtide",
        "repo": "flake-utils",
        "type": "github"
      }
    },
    "flake-utils_2": {
      "locked": {
        "lastModified": 1667395993,
        "narHash": "sha256-nuEHfE/LcWyuSWnS8t12N1wc105Qtau+/OdUAjtQ0rA=",
        "owner": "numtide",
        "repo": "flake-utils",
        "rev": "5aed5285a952e0b949eb3ba02c12fa4fcfef535f",
        "type": "github"
      },
      "original": {
        "owner": "numtide",
        "repo": "flake-utils",
        "type": "github"
      }
    },
    "music-triage": {
      "inputs": {
        "flake-utils": "flake-utils",
        "nixpkgs": [
          "nixos"
        ]
      },
      "locked": {
        "lastModified": 1672415906,
        "narHash": "sha256-HIYBfR2sBkr9LDTh0EnH1mAw4lj7icjLAD7HRA3PC48=",
        "owner": "cceckman",
        "repo": "music-triage",
        "rev": "6b808e5bf6b6071a0e33fde7680dbb83ec03bafd",
        "type": "github"
      },
      "original": {
        "owner": "cceckman",
        "repo": "music-triage",
        "type": "github"
      }
    },
    "nixos": {
      "locked": {
        "lastModified": 1673527292,
        "narHash": "sha256-903EpRSDCfUvic7Hsiqwy+h7zlMTLAUbCXkEGGriCfM=",
        "owner": "nixos",
        "repo": "nixpkgs",
        "rev": "6a3f9996408c970b99b8b992b11bb249d1455b62",
        "type": "github"
      },
      "original": {
        "owner": "nixos",
        "ref": "nixos-22.11",
        "repo": "nixpkgs",
        "type": "github"
      }
    },
    "nixos-wsl": {
      "inputs": {
        "flake-compat": "flake-compat",
        "flake-utils": "flake-utils_2",
        "nixpkgs": "nixpkgs"
      },
      "locked": {
        "lastModified": 1673339198,
        "narHash": "sha256-5EAIJq89sTFooJ5vhsnaw7mDtKVDICvCv2ul7+BXAgA=",
        "owner": "nix-community",
        "repo": "NixOS-WSL",
        "rev": "217178edb1127fb41ac4fd534d8a513c3dd3d81b",
        "type": "github"
      },
      "original": {
        "owner": "nix-community",
        "repo": "NixOS-WSL",
        "type": "github"
      }
    },
    "nixpkgs": {
      "locked": {
        "lastModified": 1671313200,
        "narHash": "sha256-itZTrtHeDJjV696+ur0/TzkTqb5y3Eb57WRLRPK3rwA=",
        "owner": "NixOS",
        "repo": "nixpkgs",
        "rev": "0938d73bb143f4ae037143572f11f4338c7b2d1c",
        "type": "github"
      },
      "original": {
        "owner": "NixOS",
        "ref": "nixos-22.11",
        "repo": "nixpkgs",
        "type": "github"
      }
    },
    "root": {
      "inputs": {
        "music-triage": "music-triage",
        "nixos": "nixos",
        "nixos-wsl": "nixos-wsl",
        "tsproxy": "tsproxy"
      }
    },
    "tsproxy": {
      "inputs": {
        "nixpkgs": [
          "nixos"
        ],
        "utils": "utils"
      },
      "locked": {
        "lastModified": 1672336663,
        "narHash": "sha256-/0xqwGCK5Ao/DqfYt6fphkVuHmUpm9BadR2RqrE0SIY=",
        "owner": "cceckman",
        "repo": "tsproxy",
        "rev": "d929ee551121edf79d16ab2207d45e541089df9d",
        "type": "github"
      },
      "original": {
        "owner": "cceckman",
        "repo": "tsproxy",
        "type": "github"
      }
    },
    "utils": {
      "locked": {
        "lastModified": 1667395993,
        "narHash": "sha256-nuEHfE/LcWyuSWnS8t12N1wc105Qtau+/OdUAjtQ0rA=",
        "owner": "numtide",
        "repo": "flake-utils",
        "rev": "5aed5285a952e0b949eb3ba02c12fa4fcfef535f",
        "type": "github"
      },
      "original": {
        "owner": "numtide",
        "repo": "flake-utils",
        "type": "github"
      }
    }
  },
  "root": "root",
  "version": 7
}
